
Microsoft Visual Studio Solution File, Format Version 12.00
# Visual Studio Version 17
VisualStudioVersion = 17.3.32825.248
MinimumVisualStudioVersion = 10.0.40219.1
Project("{FAE04EC0-301F-11D3-BF4B-00C04F79EFBC}") = "Bank_Logging", "Bank_Logging.csproj", "{6E3740E7-2391-4EA3-B5D2-1FB140F648AE}"
EndProject
Global
	GlobalSection(SolutionConfigurationPlatforms) = preSolution
		Debug|Any CPU = Debug|Any CPU
		Release|Any CPU = Release|Any CPU
	EndGlobalSection
	GlobalSection(ProjectConfigurationPlatforms) = postSolution
		{6E3740E7-2391-4EA3-B5D2-1FB140F648AE}.Debug|Any CPU.ActiveCfg = Debug|Any CPU
		{6E3740E7-2391-4EA3-B5D2-1FB140F648AE}.Debug|Any CPU.Build.0 = Debug|Any CPU
		{6E3740E7-2391-4EA3-B5D2-1FB140F648AE}.Release|Any CPU.ActiveCfg = Release|Any CPU
		{6E3740E7-2391-4EA3-B5D2-1FB140F648AE}.Release|Any CPU.Build.0 = Release|Any CPU
	EndGlobalSection
	GlobalSection(SolutionProperties) = preSolution
		HideSolutionNode = FALSE
	EndGlobalSection
	GlobalSection(ExtensibilityGlobals) = postSolution
		SolutionGuid = {38022692-59DC-431A-AA81-BF9627328128}
	EndGlobalSection
EndGlobal
